// !$*UTF8*$!
{
	archiveVersion = 1;
	classes = {
	};
	objectVersion = 46;
	objects = {

/* Begin PBXBuildFile section */
		3D5A02DE1A7EA9260026E643 /* AppDelegate.swift in Sources */ = {isa = PBXBuildFile; fileRef = 3D5A02DD1A7EA9260026E643 /* AppDelegate.swift */; };
		3D5A02E01A7EA9260026E643 /* ViewController.swift in Sources */ = {isa = PBXBuildFile; fileRef = 3D5A02DF1A7EA9260026E643 /* ViewController.swift */; };
		3D5A02E31A7EA9260026E643 /* Main.storyboard in Resources */ = {isa = PBXBuildFile; fileRef = 3D5A02E11A7EA9260026E643 /* Main.storyboard */; };
		3D5A02E51A7EA9260026E643 /* Images.xcassets in Resources */ = {isa = PBXBuildFile; fileRef = 3D5A02E41A7EA9260026E643 /* Images.xcassets */; };
		3D5A02F41A7EA9260026E643 /* fb_2_feb1Tests.swift in Sources */ = {isa = PBXBuildFile; fileRef = 3D5A02F31A7EA9260026E643 /* fb_2_feb1Tests.swift */; };
		3D63B5F31A805A6E00045214 /* statusViewController.swift in Sources */ = {isa = PBXBuildFile; fileRef = 3D63B5F21A805A6E00045214 /* statusViewController.swift */; };
		3D63B5F51A805BE500045214 /* photoViewController.swift in Sources */ = {isa = PBXBuildFile; fileRef = 3D63B5F41A805BE500045214 /* photoViewController.swift */; };
		3D63B5F71A805D4000045214 /* checkinViewController.swift in Sources */ = {isa = PBXBuildFile; fileRef = 3D63B5F61A805D4000045214 /* checkinViewController.swift */; };
		3D63B5F91A805DEF00045214 /* requestsViewController.swift in Sources */ = {isa = PBXBuildFile; fileRef = 3D63B5F81A805DEF00045214 /* requestsViewController.swift */; };
		3D63B5FB1A805EFF00045214 /* feedViewController.swift in Sources */ = {isa = PBXBuildFile; fileRef = 3D63B5FA1A805EFF00045214 /* feedViewController.swift */; };
/* End PBXBuildFile section */

/* Begin PBXContainerItemProxy section */
		3D5A02EE1A7EA9260026E643 /* PBXContainerItemProxy */ = {
			isa = PBXContainerItemProxy;
			containerPortal = 3D5A02D01A7EA9260026E643 /* Project object */;
			proxyType = 1;
			remoteGlobalIDString = 3D5A02D71A7EA9260026E643;
			remoteInfo = "fb-2-feb1";
		};
/* End PBXContainerItemProxy section */

/* Begin PBXFileReference section */
		3D5A02D81A7EA9260026E643 /* fb-2-feb1.app */ = {isa = PBXFileReference; explicitFileType = wrapper.application; includeInIndex = 0; path = "fb-2-feb1.app"; sourceTree = BUILT_PRODUCTS_DIR; };
		3D5A02DC1A7EA9260026E643 /* Info.plist */ = {isa = PBXFileReference; lastKnownFileType = text.plist.xml; path = Info.plist; sourceTree = "<group>"; };
		3D5A02DD1A7EA9260026E643 /* AppDelegate.swift */ = {isa = PBXFileReference; lastKnownFileType = sourcecode.swift; path = AppDelegate.swift; sourceTree = "<group>"; };
		3D5A02DF1A7EA9260026E643 /* ViewController.swift */ = {isa = PBXFileReference; lastKnownFileType = sourcecode.swift; path = ViewController.swift; sourceTree = "<group>"; };
		3D5A02E21A7EA9260026E643 /* Base */ = {isa = PBXFileReference; lastKnownFileType = file.storyboard; name = Base; path = Base.lproj/Main.storyboard; sourceTree = "<group>"; };
		3D5A02E41A7EA9260026E643 /* Images.xcassets */ = {isa = PBXFileReference; lastKnownFileType = folder.assetcatalog; path = Images.xcassets; sourceTree = "<group>"; };
		3D5A02ED1A7EA9260026E643 /* fb-2-feb1Tests.xctest */ = {isa = PBXFileReference; explicitFileType = wrapper.cfbundle; includeInIndex = 0; path = "fb-2-feb1Tests.xctest"; sourceTree = BUILT_PRODUCTS_DIR; };
		3D5A02F21A7EA9260026E643 /* Info.plist */ = {isa = PBXFileReference; lastKnownFileType = text.plist.xml; path = Info.plist; sourceTree = "<group>"; };
		3D5A02F31A7EA9260026E643 /* fb_2_feb1Tests.swift */ = {isa = PBXFileReference; lastKnownFileType = sourcecode.swift; path = fb_2_feb1Tests.swift; sourceTree = "<group>"; };
		3D63B5F21A805A6E00045214 /* statusViewController.swift */ = {isa = PBXFileReference; fileEncoding = 4; lastKnownFileType = sourcecode.swift; path = statusViewController.swift; sourceTree = "<group>"; };
		3D63B5F41A805BE500045214 /* photoViewController.swift */ = {isa = PBXFileReference; fileEncoding = 4; lastKnownFileType = sourcecode.swift; path = photoViewController.swift; sourceTree = "<group>"; };
		3D63B5F61A805D4000045214 /* checkinViewController.swift */ = {isa = PBXFileReference; fileEncoding = 4; lastKnownFileType = sourcecode.swift; path = checkinViewController.swift; sourceTree = "<group>"; };
		3D63B5F81A805DEF00045214 /* requestsViewController.swift */ = {isa = PBXFileReference; fileEncoding = 4; lastKnownFileType = sourcecode.swift; path = requestsViewController.swift; sourceTree = "<group>"; };
		3D63B5FA1A805EFF00045214 /* feedViewController.swift */ = {isa = PBXFileReference; fileEncoding = 4; lastKnownFileType = sourcecode.swift; path = feedViewController.swift; sourceTree = "<group>"; };
/* End PBXFileReference section */

/* Begin PBXFrameworksBuildPhase section */
		3D5A02D51A7EA9260026E643 /* Frameworks */ = {
			isa = PBXFrameworksBuildPhase;
			buildActionMask = 2147483647;
			files = (
			);
			runOnlyForDeploymentPostprocessing = 0;
		};
		3D5A02EA1A7EA9260026E643 /* Frameworks */ = {
			isa = PBXFrameworksBuildPhase;
			buildActionMask = 2147483647;
			files = (
			);
			runOnlyForDeploymentPostprocessing = 0;
		};
/* End PBXFrameworksBuildPhase section */

/* Begin PBXGroup section */
		3D5A02CF1A7EA9260026E643 = {
			isa = PBXGroup;
			children = (
				3D63B5F21A805A6E00045214 /* statusViewController.swift */,
				3D5A02DA1A7EA9260026E643 /* fb-2-feb1 */,
				3D5A02F01A7EA9260026E643 /* fb-2-feb1Tests */,
				3D5A02D91A7EA9260026E643 /* Products */,
			);
			sourceTree = "<group>";
		};
		3D5A02D91A7EA9260026E643 /* Products */ = {
			isa = PBXGroup;
			children = (
				3D5A02D81A7EA9260026E643 /* fb-2-feb1.app */,
				3D5A02ED1A7EA9260026E643 /* fb-2-feb1Tests.xctest */,
			);
			name = Products;
			sourceTree = "<group>";
		};
		3D5A02DA1A7EA9260026E643 /* fb-2-feb1 */ = {
			isa = PBXGroup;
			children = (
				3D5A02DD1A7EA9260026E643 /* AppDelegate.swift */,
				3D5A02DF1A7EA9260026E643 /* ViewController.swift */,
				3D5A02E11A7EA9260026E643 /* Main.storyboard */,
				3D63B5FA1A805EFF00045214 /* feedViewController.swift */,
				3D63B5F81A805DEF00045214 /* requestsViewController.swift */,
				3D63B5F61A805D4000045214 /* checkinViewController.swift */,
				3D63B5F41A805BE500045214 /* photoViewController.swift */,
				3D5A02E41A7EA9260026E643 /* Images.xcassets */,
				3D5A02DB1A7EA9260026E643 /* Supporting Files */,
			);
			path = "fb-2-feb1";
			sourceTree = "<group>";
		};
		3D5A02DB1A7EA9260026E643 /* Supporting Files */ = {
			isa = PBXGroup;
			children = (
				3D5A02DC1A7EA9260026E643 /* Info.plist */,
			);
			name = "Supporting Files";
			sourceTree = "<group>";
		};
		3D5A02F01A7EA9260026E643 /* fb-2-feb1Tests */ = {
			isa = PBXGroup;
			children = (
				3D5A02F31A7EA9260026E643 /* fb_2_feb1Tests.swift */,
				3D5A02F11A7EA9260026E643 /* Supporting Files */,
			);
			path = "fb-2-feb1Tests";
			sourceTree = "<group>";
		};
		3D5A02F11A7EA9260026E643 /* Supporting Files */ = {
			isa = PBXGroup;
			children = (
				3D5A02F21A7EA9260026E643 /* Info.plist */,
			);
			name = "Supporting Files";
			sourceTree = "<group>";
		};
/* End PBXGroup section */

/* Begin PBXNativeTarget section */
		3D5A02D71A7EA9260026E643 /* fb-2-feb1 */ = {
			isa = PBXNativeTarget;
			buildConfigurationList = 3D5A02F71A7EA9260026E643 /* Build configuration list for PBXNativeTarget "fb-2-feb1" */;
			buildPhases = (
				3D5A02D41A7EA9260026E643 /* Sources */,
				3D5A02D51A7EA9260026E643 /* Frameworks */,
				3D5A02D61A7EA9260026E643 /* Resources */,
			);
			buildRules = (
			);
			dependencies = (
			);
			name = "fb-2-feb1";
			productName = "fb-2-feb1";
			productReference = 3D5A02D81A7EA9260026E643 /* fb-2-feb1.app */;
			productType = "com.apple.product-type.application";
		};
		3D5A02EC1A7EA9260026E643 /* fb-2-feb1Tests */ = {
			isa = PBXNativeTarget;
			buildConfigurationList = 3D5A02FA1A7EA9260026E643 /* Build configuration list for PBXNativeTarget "fb-2-feb1Tests" */;
			buildPhases = (
				3D5A02E91A7EA9260026E643 /* Sources */,
				3D5A02EA1A7EA9260026E643 /* Frameworks */,
				3D5A02EB1A7EA9260026E643 /* Resources */,
			);
			buildRules = (
			);
			dependencies = (
				3D5A02EF1A7EA9260026E643 /* PBXTargetDependency */,
			);
			name = "fb-2-feb1Tests";
			productName = "fb-2-feb1Tests";
			productReference = 3D5A02ED1A7EA9260026E643 /* fb-2-feb1Tests.xctest */;
			productType = "com.apple.product-type.bundle.unit-test";
		};
/* End PBXNativeTarget section */

/* Begin PBXProject section */
		3D5A02D01A7EA9260026E643 /* Project object */ = {
			isa = PBXProject;
			attributes = {
				LastUpgradeCheck = 0610;
				ORGANIZATIONNAME = "Maya Venkatraman";
				TargetAttributes = {
					3D5A02D71A7EA9260026E643 = {
						CreatedOnToolsVersion = 6.1.1;
					};
					3D5A02EC1A7EA9260026E643 = {
						CreatedOnToolsVersion = 6.1.1;
						TestTargetID = 3D5A02D71A7EA9260026E643;
					};
				};
			};
			buildConfigurationList = 3D5A02D31A7EA9260026E643 /* Build configuration list for PBXProject "fb-2-feb1" */;
			compatibilityVersion = "Xcode 3.2";
			developmentRegion = English;
			hasScannedForEncodings = 0;
			knownRegions = (
				en,
				Base,
			);
			mainGroup = 3D5A02CF1A7EA9260026E643;
			productRefGroup = 3D5A02D91A7EA9260026E643 /* Products */;
			projectDirPath = "";
			projectRoot = "";
			targets = (
				3D5A02D71A7EA9260026E643 /* fb-2-feb1 */,
				3D5A02EC1A7EA9260026E643 /* fb-2-feb1Tests */,
			);
		};
/* End PBXProject section */

/* Begin PBXResourcesBuildPhase section */
		3D5A02D61A7EA9260026E643 /* Resources */ = {
			isa = PBXResourcesBuildPhase;
			buildActionMask = 2147483647;
			files = (
				3D5A02E31A7EA9260026E643 /* Main.storyboard in Resources */,
				3D5A02E51A7EA9260026E643 /* Images.xcassets in Resources */,
			);
			runOnlyForDeploymentPostprocessing = 0;
		};
		3D5A02EB1A7EA9260026E643 /* Resources */ = {
			isa = PBXResourcesBuildPhase;
			buildActionMask = 2147483647;
			files = (
			);
			runOnlyForDeploymentPostprocessing = 0;
		};
/* End PBXResourcesBuildPhase section */

/* Begin PBXSourcesBuildPhase section */
		3D5A02D41A7EA9260026E643 /* Sources */ = {
			isa = PBXSourcesBuildPhase;
			buildActionMask = 2147483647;
			files = (
				3D63B5F31A805A6E00045214 /* statusViewController.swift in Sources */,
				3D63B5FB1A805EFF00045214 /* feedViewController.swift in Sources */,
				3D63B5F51A805BE500045214 /* photoViewController.swift in Sources */,
				3D5A02E01A7EA9260026E643 /* ViewController.swift in Sources */,
				3D5A02DE1A7EA9260026E643 /* AppDelegate.swift in Sources */,
				3D63B5F91A805DEF00045214 /* requestsViewController.swift in Sources */,
				3D63B5F71A805D4000045214 /* checkinViewController.swift in Sources */,
			);
			runOnlyForDeploymentPostprocessing = 0;
		};
		3D5A02E91A7EA9260026E643 /* Sources */ = {
			isa = PBXSourcesBuildPhase;
			buildActionMask = 2147483647;
			files = (
				3D5A02F41A7EA9260026E643 /* fb_2_feb1Tests.swift in Sources */,
			);
			runOnlyForDeploymentPostprocessing = 0;
		};
/* End PBXSourcesBuildPhase section */

/* Begin PBXTargetDependency section */
		3D5A02EF1A7EA9260026E643 /* PBXTargetDependency */ = {
			isa = PBXTargetDependency;
			target = 3D5A02D71A7EA9260026E643 /* fb-2-feb1 */;
			targetProxy = 3D5A02EE1A7EA9260026E643 /* PBXContainerItemProxy */;
		};
/* End PBXTargetDependency section */

/* Begin PBXVariantGroup section */
		3D5A02E11A7EA9260026E643 /* Main.storyboard */ = {
			isa = PBXVariantGroup;
			children = (
				3D5A02E21A7EA9260026E643 /* Base */,
			);
			name = Main.storyboard;
			sourceTree = "<group>";
		};
/* End PBXVariantGroup section */

/* Begin XCBuildConfiguration section */
		3D5A02F51A7EA9260026E643 /* Debug */ = {
			isa = XCBuildConfiguration;
			buildSettings = {
				ALWAYS_SEARCH_USER_PATHS = NO;
				CLANG_CXX_LANGUAGE_STANDARD = "gnu++0x";
				CLANG_CXX_LIBRARY = "libc++";
				CLANG_ENABLE_MODULES = YES;
				CLANG_ENABLE_OBJC_ARC = YES;
				CLANG_WARN_BOOL_CONVERSION = YES;
				CLANG_WARN_CONSTANT_CONVERSION = YES;
				CLANG_WARN_DIRECT_OBJC_ISA_USAGE = YES_ERROR;
				CLANG_WARN_EMPTY_BODY = YES;
				CLANG_WARN_ENUM_CONVERSION = YES;
				CLANG_WARN_INT_CONVERSION = YES;
				CLANG_WARN_OBJC_ROOT_CLASS = YES_ERROR;
				CLANG_WARN_UNREACHABLE_CODE = YES;
				CLANG_WARN__DUPLICATE_METHOD_MATCH = YES;
				"CODE_SIGN_IDENTITY[sdk=iphoneos*]" = "iPhone Developer";
				COPY_PHASE_STRIP = NO;
				ENABLE_STRICT_OBJC_MSGSEND = YES;
				GCC_C_LANGUAGE_STANDARD = gnu99;
				GCC_DYNAMIC_NO_PIC = NO;
				GCC_OPTIMIZATION_LEVEL = 0;
				GCC_PREPROCESSOR_DEFINITIONS = (
					"DEBUG=1",
					"$(inherited)",
				);
				GCC_SYMBOLS_PRIVATE_EXTERN = NO;
				GCC_WARN_64_TO_32_BIT_CONVERSION = YES;
				GCC_WARN_ABOUT_RETURN_TYPE = YES_ERROR;
				GCC_WARN_UNDECLARED_SELECTOR = YES;
				GCC_WARN_UNINITIALIZED_AUTOS = YES_AGGRESSIVE;
				GCC_WARN_UNUSED_FUNCTION = YES;
				GCC_WARN_UNUSED_VARIABLE = YES;
				IPHONEOS_DEPLOYMENT_TARGET = 8.1;
				MTL_ENABLE_DEBUG_INFO = YES;
				ONLY_ACTIVE_ARCH = YES;
				SDKROOT = iphoneos;
				SWIFT_OPTIMIZATION_LEVEL = "-Onone";
			};
			name = Debug;
		};
		3D5A02F61A7EA9260026E643 /* Release */ = {
			isa = XCBuildConfiguration;
			buildSettings = {
				ALWAYS_SEARCH_USER_PATHS = NO;
				CLANG_CXX_LANGUAGE_STANDARD = "gnu++0x";
				CLANG_CXX_LIBRARY = "libc++";
				CLANG_ENABLE_MODULES = YES;
				CLANG_ENABLE_OBJC_ARC = YES;
				CLANG_WARN_BOOL_CONVERSION = YES;
				CLANG_WARN_CONSTANT_CONVERSION = YES;
				CLANG_WARN_DIRECT_OBJC_ISA_USAGE = YES_ERROR;
				CLANG_WARN_EMPTY_BODY = YES;
				CLANG_WARN_ENUM_CONVERSION = YES;
				CLANG_WARN_INT_CONVERSION = YES;
				CLANG_WARN_OBJC_ROOT_CLASS = YES_ERROR;
				CLANG_WARN_UNREACHABLE_CODE = YES;
				CLANG_WARN__DUPLICATE_METHOD_MATCH = YES;
				"CODE_SIGN_IDENTITY[sdk=iphoneos*]" = "iPhone Developer";
				COPY_PHASE_STRIP = YES;
				ENABLE_NS_ASSERTIONS = NO;
				ENABLE_STRICT_OBJC_MSGSEND = YES;
				GCC_C_LANGUAGE_STANDARD = gnu99;
				GCC_WARN_64_TO_32_BIT_CONVERSION = YES;
				GCC_WARN_ABOUT_RETURN_TYPE = YES_ERROR;
				GCC_WARN_UNDECLARED_SELECTOR = YES;
				GCC_WARN_UNINITIALIZED_AUTOS = YES_AGGRESSIVE;
				GCC_WARN_UNUSED_FUNCTION = YES;
				GCC_WARN_UNUSED_VARIABLE = YES;
				IPHONEOS_DEPLOYMENT_TARGET = 8.1;
				MTL_ENABLE_DEBUG_INFO = NO;
				SDKROOT = iphoneos;
				VALIDATE_PRODUCT = YES;
			};
			name = Release;
		};
		3D5A02F81A7EA9260026E643 /* Debug */ = {
			isa = XCBuildConfiguration;
			buildSettings = {
				ASSETCATALOG_COMPILER_APPICON_NAME = AppIcon;
				ASSETCATALOG_COMPILER_LAUNCHIMAGE_NAME = LaunchImage;
				INFOPLIST_FILE = "fb-2-feb1/Info.plist";
				LD_RUNPATH_SEARCH_PATHS = "$(inherited) @executable_path/Frameworks";
				PRODUCT_NAME = "$(TARGET_NAME)";
			};
			name = Debug;
		};
		3D5A02F91A7EA9260026E643 /* Release */ = {
			isa = XCBuildConfiguration;
			buildSettings = {
				ASSETCATALOG_COMPILER_APPICON_NAME = AppIcon;
				ASSETCATALOG_COMPILER_LAUNCHIMAGE_NAME = LaunchImage;
				INFOPLIST_FILE = "fb-2-feb1/Info.plist";
				LD_RUNPATH_SEARCH_PATHS = "$(inherited) @executable_path/Frameworks";
				PRODUCT_NAME = "$(TARGET_NAME)";
			};
			name = Release;
		};
		3D5A02FB1A7EA9260026E643 /* Debug */ = {
			isa = XCBuildConfiguration;
			buildSettings = {
				BUNDLE_LOADER = "$(TEST_HOST)";
				FRAMEWORK_SEARCH_PATHS = (
					"$(SDKROOT)/Developer/Library/Frameworks",
					"$(inherited)",
				);
				GCC_PREPROCESSOR_DEFINITIONS = (
					"DEBUG=1",
					"$(inherited)",
				);
				INFOPLIST_FILE = "fb-2-feb1Tests/Info.plist";
				LD_RUNPATH_SEARCH_PATHS = "$(inherited) @executable_path/Frameworks @loader_path/Frameworks";
				PRODUCT_NAME = "$(TARGET_NAME)";
				TEST_HOST = "$(BUILT_PRODUCTS_DIR)/fb-2-feb1.app/fb-2-feb1";
			};
			name = Debug;
		};
		3D5A02FC1A7EA9260026E643 /* Release */ = {
			isa = XCBuildConfiguration;
			buildSettings = {
				BUNDLE_LOADER = "$(TEST_HOST)";
				FRAMEWORK_SEARCH_PATHS = (
					"$(SDKROOT)/Developer/Library/Frameworks",
					"$(inherited)",
				);
				INFOPLIST_FILE = "fb-2-feb1Tests/Info.plist";
				LD_RUNPATH_SEARCH_PATHS = "$(inherited) @executable_path/Frameworks @loader_path/Frameworks";
				PRODUCT_NAME = "$(TARGET_NAME)";
				TEST_HOST = "$(BUILT_PRODUCTS_DIR)/fb-2-feb1.app/fb-2-feb1";
			};
			name = Release;
		};
/* End XCBuildConfiguration section */

/* Begin XCConfigurationList section */
		3D5A02D31A7EA9260026E643 /* Build configuration list for PBXProject "fb-2-feb1" */ = {
			isa = XCConfigurationList;
			buildConfigurations = (
				3D5A02F51A7EA9260026E643 /* Debug */,
				3D5A02F61A7EA9260026E643 /* Release */,
			);
			defaultConfigurationIsVisible = 0;
			defaultConfigurationName = Release;
		};
		3D5A02F71A7EA9260026E643 /* Build configuration list for PBXNativeTarget "fb-2-feb1" */ = {
			isa = XCConfigurationList;
			buildConfigurations = (
				3D5A02F81A7EA9260026E643 /* Debug */,
				3D5A02F91A7EA9260026E643 /* Release */,
			);
			defaultConfigurationIsVisible = 0;
			defaultConfigurationName = Release;
		};
		3D5A02FA1A7EA9260026E643 /* Build configuration list for PBXNativeTarget "fb-2-feb1Tests" */ = {
			isa = XCConfigurationList;
			buildConfigurations = (
				3D5A02FB1A7EA9260026E643 /* Debug */,
				3D5A02FC1A7EA9260026E643 /* Release */,
			);
			defaultConfigurationIsVisible = 0;
			defaultConfigurationName = Release;
		};
/* End XCConfigurationList section */
	};
	rootObject = 3D5A02D01A7EA9260026E643 /* Project object */;
}
